
Microsoft Visual Studio Solution File, Format Version 12.00
# Visual Studio Version 16
VisualStudioVersion = 16.0.29613.14
MinimumVisualStudioVersion = 10.0.40219.1
Project("{FAE04EC0-301F-11D3-BF4B-00C04F79EFBC}") = "ShallowVsDeepCopy", "ShallowVsDeepCopy\ShallowVsDeepCopy.csproj", "{FB990EB1-E914-459D-89C9-B7160A75615A}"
EndProject
Global
	GlobalSection(SolutionConfigurationPlatforms) = preSolution
		Debug|Any CPU = Debug|Any CPU
		Release|Any CPU = Release|Any CPU
	EndGlobalSection
	GlobalSection(ProjectConfigurationPlatforms) = postSolution
		{FB990EB1-E914-459D-89C9-B7160A75615A}.Debug|Any CPU.ActiveCfg = Debug|Any CPU
		{FB990EB1-E914-459D-89C9-B7160A75615A}.Debug|Any CPU.Build.0 = Debug|Any CPU
		{FB990EB1-E914-459D-89C9-B7160A75615A}.Release|Any CPU.ActiveCfg = Release|Any CPU
		{FB990EB1-E914-459D-89C9-B7160A75615A}.Release|Any CPU.Build.0 = Release|Any CPU
	EndGlobalSection
	GlobalSection(SolutionProperties) = preSolution
		HideSolutionNode = FALSE
	EndGlobalSection
	GlobalSection(ExtensibilityGlobals) = postSolution
		SolutionGuid = {F0DA046A-1557-4745-9AAF-E9778FB693D9}
	EndGlobalSection
EndGlobal
